
Microsoft Visual Studio Solution File, Format Version 12.00
# Visual Studio Version 17
VisualStudioVersion = 17.8.34511.84
MinimumVisualStudioVersion = 10.0.40219.1
Project("{FAE04EC0-301F-11D3-BF4B-00C04F79EFBC}") = "BankingSystems", "BankingSystems.csproj", "{EC663139-A65A-4E94-B499-54CB846912F7}"
EndProject
Global
	GlobalSection(SolutionConfigurationPlatforms) = preSolution
		Debug|Any CPU = Debug|Any CPU
		Release|Any CPU = Release|Any CPU
	EndGlobalSection
	GlobalSection(ProjectConfigurationPlatforms) = postSolution
		{EC663139-A65A-4E94-B499-54CB846912F7}.Debug|Any CPU.ActiveCfg = Debug|Any CPU
		{EC663139-A65A-4E94-B499-54CB846912F7}.Debug|Any CPU.Build.0 = Debug|Any CPU
		{EC663139-A65A-4E94-B499-54CB846912F7}.Release|Any CPU.ActiveCfg = Release|Any CPU
		{EC663139-A65A-4E94-B499-54CB846912F7}.Release|Any CPU.Build.0 = Release|Any CPU
	EndGlobalSection
	GlobalSection(SolutionProperties) = preSolution
		HideSolutionNode = FALSE
	EndGlobalSection
	GlobalSection(ExtensibilityGlobals) = postSolution
		SolutionGuid = {206E23BD-B3EC-4638-A49E-4B34DEF047F9}
	EndGlobalSection
EndGlobal
